
Microsoft Visual Studio Solution File, Format Version 12.00
# Visual Studio Version 17
VisualStudioVersion = 17.6.33723.286
MinimumVisualStudioVersion = 10.0.40219.1
Project("{9A19103F-16F7-4668-BE54-9A1E7A4F7556}") = "MedianTests", "MedianTests\MedianTests.csproj", "{AB40824F-2157-4915-ADB1-B203264809C6}"
EndProject
Project("{9A19103F-16F7-4668-BE54-9A1E7A4F7556}") = "Benchmarks", "Benchmarks\Benchmarks.csproj", "{FE7C3289-6554-4807-8FD1-3DD50E808804}"
EndProject
Project("{FAE04EC0-301F-11D3-BF4B-00C04F79EFBC}") = "MedianImpl", "MedianImpl\MedianImpl.csproj", "{F5F22F29-8E52-40A9-BD30-F7D6FFF4404D}"
EndProject
Global
	GlobalSection(SolutionConfigurationPlatforms) = preSolution
		Debug|Any CPU = Debug|Any CPU
		Release|Any CPU = Release|Any CPU
	EndGlobalSection
	GlobalSection(ProjectConfigurationPlatforms) = postSolution
		{AB40824F-2157-4915-ADB1-B203264809C6}.Debug|Any CPU.ActiveCfg = Debug|Any CPU
		{AB40824F-2157-4915-ADB1-B203264809C6}.Debug|Any CPU.Build.0 = Debug|Any CPU
		{AB40824F-2157-4915-ADB1-B203264809C6}.Release|Any CPU.ActiveCfg = Release|Any CPU
		{AB40824F-2157-4915-ADB1-B203264809C6}.Release|Any CPU.Build.0 = Release|Any CPU
		{FE7C3289-6554-4807-8FD1-3DD50E808804}.Debug|Any CPU.ActiveCfg = Debug|Any CPU
		{FE7C3289-6554-4807-8FD1-3DD50E808804}.Debug|Any CPU.Build.0 = Debug|Any CPU
		{FE7C3289-6554-4807-8FD1-3DD50E808804}.Release|Any CPU.ActiveCfg = Release|Any CPU
		{FE7C3289-6554-4807-8FD1-3DD50E808804}.Release|Any CPU.Build.0 = Release|Any CPU
		{F5F22F29-8E52-40A9-BD30-F7D6FFF4404D}.Debug|Any CPU.ActiveCfg = Debug|Any CPU
		{F5F22F29-8E52-40A9-BD30-F7D6FFF4404D}.Debug|Any CPU.Build.0 = Debug|Any CPU
		{F5F22F29-8E52-40A9-BD30-F7D6FFF4404D}.Release|Any CPU.ActiveCfg = Release|Any CPU
		{F5F22F29-8E52-40A9-BD30-F7D6FFF4404D}.Release|Any CPU.Build.0 = Release|Any CPU
	EndGlobalSection
	GlobalSection(SolutionProperties) = preSolution
		HideSolutionNode = FALSE
	EndGlobalSection
	GlobalSection(ExtensibilityGlobals) = postSolution
		SolutionGuid = {5128CC28-8B8D-4B5B-947F-B13CE96F57CD}
	EndGlobalSection
EndGlobal
